
Microsoft Visual Studio Solution File, Format Version 12.00
# Visual Studio Version 16
VisualStudioVersion = 16.0.29411.108
MinimumVisualStudioVersion = 10.0.40219.1
Project("{FAE04EC0-301F-11D3-BF4B-00C04F79EFBC}") = "Dotnet.Util", "Dotnet.Util\Dotnet.Util.csproj", "{03639D91-A6DD-45A4-8644-0E647CB456F4}"
EndProject
Global
	GlobalSection(SolutionConfigurationPlatforms) = preSolution
		Debug|Any CPU = Debug|Any CPU
		Release|Any CPU = Release|Any CPU
	EndGlobalSection
	GlobalSection(ProjectConfigurationPlatforms) = postSolution
		{03639D91-A6DD-45A4-8644-0E647CB456F4}.Debug|Any CPU.ActiveCfg = Debug|Any CPU
		{03639D91-A6DD-45A4-8644-0E647CB456F4}.Debug|Any CPU.Build.0 = Debug|Any CPU
		{03639D91-A6DD-45A4-8644-0E647CB456F4}.Release|Any CPU.ActiveCfg = Release|Any CPU
		{03639D91-A6DD-45A4-8644-0E647CB456F4}.Release|Any CPU.Build.0 = Release|Any CPU
	EndGlobalSection
	GlobalSection(SolutionProperties) = preSolution
		HideSolutionNode = FALSE
	EndGlobalSection
	GlobalSection(ExtensibilityGlobals) = postSolution
		SolutionGuid = {09C94BE9-46AE-4A9C-9D94-F5B722E6F8BD}
	EndGlobalSection
EndGlobal
